{
  "name": "indielisboa-webapi",
  "version": "1.0.0",
  "lockfileVersion": 2,
  "requires": true,
  "packages": {
    "": {
      "name": "indielisboa-webapi",
      "version": "1.0.0",
      "license": "ISC",
      "dependencies": {
        "aws-sdk": "^2.1218.0",
        "bcrypt": "^5.0.1",
        "cookie-parser": "^1.4.6",
        "cors": "^2.8.5",
        "express": "^4.18.1",
        "express-winston": "^4.2.0",
        "google-auth-library": "^8.5.1",
        "jsonwebtoken": "^8.5.1",
        "pg": "^8.7.3",
        "pg-hstore": "^2.3.4",
        "sequelize": "^6.21.3",
        "swagger-ui-express": "^4.4.0",
        "tsoa": "^4.1.0",
        "winston": "^3.8.1"
      },
      "devDependencies": {
        "@types/bcrypt": "^5.0.0",
        "@types/cookie-parser": "^1.4.3",
        "@types/cors": "^2.8.12",
        "@types/express": "^4.17.13",
        "@types/jsonwebtoken": "^8.5.8",
        "@types/node": "^17.0.29",
        "@types/swagger-ui-express": "^4.1.3",
        "copyfiles": "^2.4.1",
        "jest": "^28.1.0",
        "nodemon": "^2.0.16",
        "sqlite3": "^5.0.11",
        "ts-node": "^10.7.0",
        "typescript": "^4.6.4"
      }
    },
    "node_modules/@ampproject/remapping": {
      "version": "2.2.0",
      "resolved": "https://registry.npmjs.org/@ampproject/remapping/-/remapping-2.2.0.tgz",
      "integrity": "sha512-qRmjj8nj9qmLTQXXmaR1cck3UXSRMPrbsLJAasZpF+t3riI71BXed5ebIOYwQntykeZuhjsdweEc9BxH5Jc26w==",
      "dev": true,
      "dependencies": {
        "@jridgewell/gen-mapping": "^0.1.0",
        "@jridgewell/trace-mapping": "^0.3.9"
      },
      "engines": {
        "node": ">=6.0.0"
      }
    },
    "node_modules/@babel/code-frame": {
      "version": "7.16.7",
      "resolved": "https://registry.npmjs.org/@babel/code-frame/-/code-frame-7.16.7.tgz",
      "integrity": "sha512-iAXqUn8IIeBTNd72xsFlgaXHkMBMt6y4HJp1tIaK465CWLT/fG1aqB7ykr95gHHmlBdGbFeWWfyB4NJJ0nmeIg==",
      "dev": true,
      "dependencies": {
        "@babel/highlight": "^7.16.7"
      },
      "engines": {
        "node": ">=6.9.0"
      }
    },
    "node_modules/@babel/compat-data": {
      "version": "7.17.10",
      "resolved": "https://registry.npmjs.org/@babel/compat-data/-/compat-data-7.17.10.tgz",
      "integrity": "sha512-GZt/TCsG70Ms19gfZO1tM4CVnXsPgEPBCpJu+Qz3L0LUDsY5nZqFZglIoPC1kIYOtNBZlrnFT+klg12vFGZXrw==",
      "dev": true,
      "engines": {
        "node": ">=6.9.0"
      }
    },
    "node_modules/@babel/core": {
      "version": "7.17.12",
      "resolved": "https://registry.npmjs.org/@babel/core/-/core-7.17.12.