{
  "name": "indielisboa-webapi",
  "version": "1.0.0",
  "lockfileVersion": 2,
  "requires": true,
  "packages": {
    "": {
      "name": "indielisboa-webapi",
      "version": "1.0.0",
      "license": "ISC",
      "dependencies": {
        "aws-sdk": "^2.1218.0",
        "bcrypt": "^5.0.1",
        "cookie-parser": "^1.4.6",
        "cors": "^2.8.5",
        "express": "^4.18.1",
        "express-winston": "^4.2.0",
        "goo